
Microsoft Visual Studio Solution File, Format Version 12.00
# Visual Studio Version 16
VisualStudioVersion = 16.0.31605.320
MinimumVisualStudioVersion = 10.0.40219.1
Project("{FAE04EC0-301F-11D3-BF4B-00C04F79EFBC}") = "Baiso2", "Baiso2\Baiso2.csproj", "{8CFDA88D-D1B3-419A-B6C6-AB3F8E296851}"
EndProject
Global
	GlobalSection(SolutionConfigurationPlatforms) = preSolution
		Debug|Any CPU = Debug|Any CPU
		Release|Any CPU = Release|Any CPU
	EndGlobalSection
	GlobalSection(ProjectConfigurationPlatforms) = postSolution
		{8CFDA88D-D1B3-419A-B6C6-AB3F8E296851}.Debug|Any CPU.ActiveCfg = Debug|Any CPU
		{8CFDA88D-D1B3-419A-B6C6-AB3F8E296851}.Debug|Any CPU.Build.0 = Debug|Any CPU
		{8CFDA88D-D1B3-419A-B6C6-AB3F8E296851}.Release|Any CPU.ActiveCfg = Release|Any CPU
		{8CFDA88D-D1B3-419A-B6C6-AB3F8E296851}.Release|Any CPU.Build.0 = Release|Any CPU
	EndGlobalSection
	GlobalSection(SolutionProperties) = preSolution
		HideSolutionNode = FALSE
	EndGlobalSection
	GlobalSection(ExtensibilityGlobals) = postSolution
		SolutionGuid = {19D21861-8AAB-494C-BD0D-1A0D7503A612}
	EndGlobalSection
EndGlobal
